
Microsoft Visual Studio Solution File, Format Version 12.00
# Visual Studio 15
VisualStudioVersion = 15.0.28010.2046
MinimumVisualStudioVersion = 10.0.40219.1
Project("{FAE04EC0-301F-11D3-BF4B-00C04F79EFBC}") = "SuperheroProject", "SuperheroProject\SuperheroProject.csproj", "{20448181-FEF5-4C08-B336-90BE7A87C3CA}"
EndProject
Global
	GlobalSection(SolutionConfigurationPlatforms) = preSolution
		Debug|Any CPU = Debug|Any CPU
		Release|Any CPU = Release|Any CPU
	EndGlobalSection
	GlobalSection(ProjectConfigurationPlatforms) = postSolution
		{20448181-FEF5-4C08-B336-90BE7A87C3CA}.Debug|Any CPU.ActiveCfg = Debug|Any CPU
		{20448181-FEF5-4C08-B336-90BE7A87C3CA}.Debug|Any CPU.Build.0 = Debug|Any CPU
		{20448181-FEF5-4C08-B336-90BE7A87C3CA}.Release|Any CPU.ActiveCfg = Release|Any CPU
		{20448181-FEF5-4C08-B336-90BE7A87C3CA}.Release|Any CPU.Build.0 = Release|Any CPU
	EndGlobalSection
	GlobalSection(SolutionProperties) = preSolution
		HideSolutionNode = FALSE
	EndGlobalSection
	GlobalSection(ExtensibilityGlobals) = postSolution
		SolutionGuid = {A2DC90D5-90A5-4C51-8258-DDD629C79592}
	EndGlobalSection
EndGlobal
